
Microsoft Visual Studio Solution File, Format Version 12.00
# Visual Studio Version 17
VisualStudioVersion = 17.2.32616.157
MinimumVisualStudioVersion = 10.0.40219.1
Project("{FAE04EC0-301F-11D3-BF4B-00C04F79EFBC}") = "Playlist Manager", "Playlist Manager\Playlist Manager.csproj", "{A956E60C-46BD-47E6-AC7F-F96DC482DBE1}"
EndProject
Global
	GlobalSection(SolutionConfigurationPlatforms) = preSolution
		Debug|Any CPU = Debug|Any CPU
		Release|Any CPU = Release|Any CPU
	EndGlobalSection
	GlobalSection(ProjectConfigurationPlatforms) = postSolution
		{A956E60C-46BD-47E6-AC7F-F96DC482DBE1}.Debug|Any CPU.ActiveCfg = Debug|Any CPU
		{A956E60C-46BD-47E6-AC7F-F96DC482DBE1}.Debug|Any CPU.Build.0 = Debug|Any CPU
		{A956E60C-46BD-47E6-AC7F-F96DC482DBE1}.Release|Any CPU.ActiveCfg = Release|Any CPU
		{A956E60C-46BD-47E6-AC7F-F96DC482DBE1}.Release|Any CPU.Build.0 = Release|Any CPU
	EndGlobalSection
	GlobalSection(SolutionProperties) = preSolution
		HideSolutionNode = FALSE
	EndGlobalSection
	GlobalSection(ExtensibilityGlobals) = postSolution
		SolutionGuid = {34DA0660-7828-4A52-B38F-BEEE52C617F7}
	EndGlobalSection
EndGlobal
